
Microsoft Visual Studio Solution File, Format Version 12.00
# Visual Studio Version 16
VisualStudioVersion = 16.0.29411.108
MinimumVisualStudioVersion = 10.0.40219.1
Project("{F184B08F-C81C-45F6-A57F-5ABD9991F28F}") = "Humble Trove Console Downloader", "Humble Trove Console Downloader\Humble Trove Console Downloader.vbproj", "{2A086D59-1FD4-4AD0-87C1-17F81E810DB9}"
EndProject
Global
	GlobalSection(SolutionConfigurationPlatforms) = preSolution
		Debug|Any CPU = Debug|Any CPU
		Release|Any CPU = Release|Any CPU
	EndGlobalSection
	GlobalSection(ProjectConfigurationPlatforms) = postSolution
		{2A086D59-1FD4-4AD0-87C1-17F81E810DB9}.Debug|Any CPU.ActiveCfg = Debug|Any CPU
		{2A086D59-1FD4-4AD0-87C1-17F81E810DB9}.Debug|Any CPU.Build.0 = Debug|Any CPU
		{2A086D59-1FD4-4AD0-87C1-17F81E810DB9}.Release|Any CPU.ActiveCfg = Release|Any CPU
		{2A086D59-1FD4-4AD0-87C1-17F81E810DB9}.Release|Any CPU.Build.0 = Release|Any CPU
	EndGlobalSection
	GlobalSection(SolutionProperties) = preSolution
		HideSolutionNode = FALSE
	EndGlobalSection
	GlobalSection(ExtensibilityGlobals) = postSolution
		SolutionGuid = {7BCD806D-D92D-41D7-971A-D323DF6DA4BF}
	EndGlobalSection
EndGlobal
